github.com/dgryski/go-ddmin v0.0.0-20210904190556-96a6d69f1034 h1:BuCyszxPxUjBrYW2HNVrimC0rBUs2U27jCJGVh0IKTM=
github.com/dgryski/go-ddmin v0.0.0-20210904190556-96a6d69f1034/go.mod h1:zz4KxBkcXUWKjIcrc+uphJ1gPh/t18ymGm3PmQ+VGTk=
github.com/dgryski/go-tinyfuzz v0.0.0-20210904222810-07940b466bb3 h1:Es/qEcriMBbxPBwP4Zn1rMjIhYFQ6rhjfVHBRbQkNmQ=
github.com/dgryski/go-tinyfuzz v0.0.0-20210904222810-07940b466bb3/go.mod h1:eS2svzBptB3nMiDkLSnc1J7eihi6xyMVs5Ba5XBC7Fs=
